// !$*UTF8*$!
{
	archiveVersion = 1;
	classes = {
	};
	objectVersion = 51;
	objects = {

/* Begin PBXBuildFile section */
		574BDCA46D876DC203F11934 /* Pods_CustomFlashCard.framework in Frameworks */ = {isa = PBXBuildFile; fileRef = BCB29F1F4D7399A761F7E3EC /* Pods_CustomFlashCard.framework */; };
		AE5DC792EE1825B73D8D6DF2 /* Pods_CustomFlashCard_CustomFlashCardUITests.framework in Frameworks */ = {isa = PBXBuildFile; fileRef = A1E3BFA9825DD9C1868DDBD5 /* Pods_CustomFlashCard_CustomFlashCardUITests.framework */; };
		BB3F3A02AA7F1C6F208F4505 /* Pods_CustomFlashCardTests.framework in Frameworks */ = {isa = PBXBuildFile; fileRef = 13CD1978D8F667AF893AFF9D /* Pods_CustomFlashCardTests.framework */; };
		FA2064D7247103390046D930 /* icons8-trash-can-20.png in Resources */ = {isa = PBXBuildFile; fileRef = FA2064D6247103390046D930 /* icons8-trash-can-20.png */; };
		FA3BCD0E24435FAE00E3747D /* AppDelegate.swift in Sources */ = {isa = PBXBuildFile; fileRef = FA3BCD0D24435FAE00E3747D /* AppDelegate.swift */; };
		FA3BCD1024435FAE00E3747D /* SceneDelegate.swift in Sources */ = {isa = PBXBuildFile; fileRef = FA3BCD0F24435FAE00E3747D /* SceneDelegate.swift */; };
		FA3BCD1224435FAE00E3747D /* CreateViewController.swift in Sources */ = {isa = PBXBuildFile; fileRef = FA3BCD1124435FAE00E3747D /* CreateViewController.swift */; };
		FA3BCD1724435FAE00E3747D /* Main.storyboard in Resources */ = {isa = PBXBuildFile; fileRef = FA3BCD1524435FAE00E3747D /* Main.storyboard */; };
		FA3BCD1C24435FB200E3747D /* Assets.xcassets in Resources */ = {isa = PBXBuildFile; fileRef = FA3BCD1B24435FB200E3747D /* Assets.xcassets */; };
		FA3BCD1F24435FB200E3747D /* LaunchScreen.storyboard in Resources */ = {isa = PBXBuildFile; fileRef = FA3BCD1D24435FB200E3747D /* LaunchScreen.storyboard */; };
		FA3BCD2A24435FB200E3747D /* CustomFlashCardTests.swift in Sources */ = {isa = PBXBuildFile; fileRef = FA3BCD2924435FB200E3747D /* CustomFlashCardTests.swift */; };
		FA3BCD3524435FB200E3747D /* CustomFlashCardUITests.swift in Sources */ = {isa = PBXBuildFile; fileRef = FA3BCD3424435FB200E3747D /* CustomFlashCardUITests.swift */; };
		FA3BCD4324437F5300E3747D /* AddCard.storyboard in Resources */ = {isa = PBXBuildFile; fileRef = FA3BCD4224437F5300E3747D /* AddCard.storyboard */; };
		FA4D40332463C9C4000FF130 /* CardView.storyboard in Resources */ = {isa = PBXBuildFile; fileRef = FA4D40322463C9C4000FF130 /* CardView.storyboard */; };
		FA4D40352463DE64000FF130 /* CardViewController.swift in Sources */ = {isa = PBXBuildFile; fileRef = FA4D40342463DE64000FF130 /* CardViewController.swift */; };
		FA63597C246439480025CD2F /* WordCardCollectionViewCell.swift in Sources */ = {isa = PBXBuildFile; fileRef = FA63597A246439480025CD2F /* WordCardCollectionViewCell.swift */; };
		FA63597D246439480025CD2F /* WordCardCollectionViewCell.xib in Resources */ = {isa = PBXBuildFile; fileRef = FA63597B246439480025CD2F /* WordCardCollectionViewCell.xib */; };
		FA77F270244F483400416200 /* AllCardsViewController.swift in Sources */ = {isa = PBXBuildFile; fileRef = FA77F26F244F483400416200 /* AllCardsViewController.swift */; };
		FA77F272244F4A9B00416200 /* AllCardsCell.swift in Sources */ = {isa = PBXBuildFile; fileRef = FA77F271244F4A9B00416200 /* AllCardsCell.swift */; };
		FA77F274244F4AE500416200 /* AllCardsCell.xib in Resources */ = {isa = PBXBuildFile; fileRef = FA77F273244F4AE500416200 /* AllCardsCell.xib */; };
		FAC6325B247123D500C58F9E /* CategoryCollectionViewCell.swift in Sources */ = {isa = PBXBuildFile; fileRef = FAC63259247123D500C58F9E /* CategoryCollectionViewCell.swift */; };
		FAC6325C247123D500C58F9E /* CategoryCollectionViewCell.xib in Resources */ = {isa = PBXBuildFile; fileRef = FAC6325A247123D500C58F9E /* CategoryCollectionViewCell.xib */; };
		FAC6325E247124BF00C58F9E /* AllCategoryViewController.swift in Sources */ = {isa = PBXBuildFile; fileRef = FAC6325D247124BF00C58F9E /* AllCategoryViewController.swift */; };
		FAC632602471393900C58F9E /* PracticeCard.storyboard in Resources */ = {isa = PBXBuildFile; fileRef = FAC6325F2471393900C58F9E /* PracticeCard.storyboard */; };
		FAC6326224713A7D00C58F9E /* PracticeCardViewController.swift in Sources */ = {isa = PBXBuildFile; fileRef = FAC6326124713A7D00C58F9E /* PracticeCardViewController.swift */; };
		FAC63264247153BA00C58F9E /* CardDataModel.swift in Sources */ = {isa = PBXBuildFile; fileRef = FAC63263247153BA00C58F9E /* CardDataModel.swift */; };
		FAC63266247153F800C58F9E /* SwipeCardDataSource.swift in Sources */ = {isa = PBXBuildFile; fileRef = FAC63265247153F800C58F9E /* SwipeCardDataSource.swift */; };
		FAC632682471548100C58F9E /* SwipeCardView.swift in Sources */ = {isa = PBXBuildFile; fileRef = FAC632672471548100C58F9E /* SwipeCardView.swift */; };
		FAC6326A247154C500C58F9E /* StackContainerView.swift in Sources */ = {isa = PBXBuildFile; fileRef = FAC63269247154C500C58F9E /* StackContainerView.swift */; };
		FACEE0B62445D541007E58B7 /* AddCategory.storyboard in Resources */ = {isa = PBXBuildFile; fileRef = FACEE0B52445D541007E58B7 /* AddCategory.storyboard */; };
		FAD3606D244387E0008D16D9 /* CardFormViewController.swift in Sources */ = {isa = PBXBuildFile; fileRef = FAD3606C244387E0008D16D9 /* CardFormViewController.swift */; };
		FADAECF82449A52900DE11E6 /* Card.swift in Sources */ = {isa = PBXBuildFile; fileRef = FADAECF72449A52900DE11E6 /* Card.swift */; };
		FADAECFA2449A85500DE11E6 /* Category.swift in Sources */ = {isa = PBXBuildFile; fileRef = FADAECF92449A85500DE11E6 /* Category.swift */; };
		FADAECFC2449ACB800DE11E6 /* AddCategoryViewController.swift in Sources */ = {isa = PBXBuildFile; fileRef = FADAECFB2449ACB800DE11E6 /* AddCategoryViewController.swift */; };
/* End PBXBuildFile section */

/* Begin PBXContainerItemProxy section */
		FA3BCD2624435FB200E3747D /* PBXContainerItemProxy */ = {
			isa = PBXContainerItemProxy;
			containerPortal = FA3BCD0224435FAE00E3747D /* Project object */;
			proxyType = 1;
			remoteGlobalIDString = FA3BCD0924435FAE00E3747D;
			remoteInfo = CustomFlashCard;
		};
		FA3BCD3124435FB200E3747D /* PBXContainerItemProxy */ = {
			isa = PBXContainerItemProxy;
			containerPortal = FA3BCD0224435FAE00E3747D /* Project object */;
			proxyType = 1;
			remoteGlobalIDString = FA3BCD0924435FAE00E3747D;
			remoteInfo = CustomFlashCard;
		};
/* End PBXContainerItemProxy section */

/* Begin PBXFileReference section */
		04C1D121CFA5174ED1DFA8CC /* Pods-CustomFlashCard-CustomFlashCardUITests.release.xcconfig */ = {isa = PBXFileReference; includeInIndex = 1; lastKnownFileType = text.xcconfig; name = "Pods-CustomFlashCard-CustomFlashCardUITests.release.xcconfig"; path = "Target Support Files/Pods-CustomFlashCard-CustomFlashCardUITests/Pods-CustomFlashCard-CustomFlashCardUITests.release.xcconfig"; sourceTree = "<group>"; };
		13CD1978D8F667AF893AFF9D /* Pods_CustomFlashCardTests.framework */ = {isa = PBXFileReference; explicitFileType = wrapper.framework; includeInIndex = 0; path = Pods_CustomFlashCardTests.framework; sourceTree = BUILT_PRODUCTS_DIR; };
		71C48C49E1EF0D54AFFAD04E /* Pods-CustomFlashCard.release.xcconfig */ = {isa = PBXFileReference; includeInIndex = 1; lastKnownFileType = text.xcconfig; name = "Pods-CustomFlashCard.release.xcconfig"; path = "Target Support Files/Pods-CustomFlashCard/Pods-CustomFlashCard.release.xcconfig"; sourceTree = "<group>"; };
		8A078E3D41B1C2CC9A9B6528 /* Pods-CustomFlashCardTests.debug.xcconfig */ = {isa = PBXFileReference; includeInIndex = 1; lastKnownFileType = text.xcconfig; name = "Pods-CustomFlashCardTests.debug.xcconfig"; path = "Target Support Files/Pods-CustomFlashCardTests/Pods-CustomFlashCardTests.debug.xcconfig"; sourceTree = "<group>"; };
		A1E3BFA9825DD9C1868DDBD5 /* Pods_CustomFlashCard_CustomFlashCardUITests.framework */ = {isa = PBXFileReference; explicitFileType = wrapper.framework; includeInIndex = 0; path = Pods_CustomFlashCard_CustomFlashCardUITests.framework; sourceTree = BUILT_PRODUCTS_DIR; };
		BCB29F1F4D7399A761F7E3EC /* Pods_CustomFlashCard.framework */ = {isa = PBXFileReference; explicitFileType = wrapper.framework; includeInIndex = 0; path = Pods_CustomFlashCard.framework; sourceTree = BUILT_PRODUCTS_DIR; };
		E94584344688E9BA55B5CA12 /* Pods-CustomFlashCard.debug.xcconfig */ = {isa = PBXFileReference; includeInIndex = 1; lastKnownFileType = text.xcconfig; name = "Pods-CustomFlashCard.debug.xcconfig"; path = "Target Support Files/Pods-CustomFlashCard/Pods-CustomFlashCard.debug.xcconfig"; sourceTree = "<group>"; };
		F180BD235E6826803380A562 /* Pods-CustomFlashCardTests.release.xcconfig */ = {isa = PBXFileReference; includeInIndex = 1; lastKnownFileType = text.xcconfig; name = "Pods-CustomFlashCardTests.release.xcconfig"; path = "Target Support Files/Pods-CustomFlashCardTests/Pods-CustomFlashCardTests.release.xcconfig"; sourceTree = "<group>"; };
		F30168B665829C4BD8D1A8AE /* Pods-CustomFlashCard-CustomFlashCardUITests.debug.xcconfig */ = {isa = PBXFileReference; includeInIndex = 1; lastKnownFileType = text.xcconfig; name = "Pods-CustomFlashCard-CustomFlashCardUITests.debug.xcconfig"; path = "Target Support Files/Pods-CustomFlashCard-CustomFlashCardUITests/Pods-CustomFlashCard-CustomFlashCardUITests.debug.xcconfig"; sourceTree = "<group>"; };
		FA2064D6247103390046D930 /* icons8-trash-can-20.png */ = {isa = PBXFileReference; lastKnownFileType = image.png; path = "icons8-trash-can-20.png"; sourceTree = "<group>"; };
		FA3BCD0A24435FAE00E3747D /* CustomFlashCard.app */ = {isa = PBXFileReference; explicitFileType = wrapper.application; includeInIndex = 0; path = CustomFlashCard.app; sourceTree = BUILT_PRODUCTS_DIR; };
		FA3BCD0D24435FAE00E3747D /* AppDelegate.swift */ = {isa = PBXFileReference; lastKnownFileType = sourcecode.swift; path = AppDelegate.swift; sourceTree = "<group>"; };
		FA3BCD0F24435FAE00E3747D /* SceneDelegate.swift */ = {isa = PBXFileReference; lastKnownFileType = sourcecode.swift; path = SceneDelegate.swift; sourceTree = "<group>"; };
		FA3BCD1124435FAE00E3747D /* CreateViewController.swift */ = {isa = PBXFileReference; lastKnownFileType = sourcecode.swift; path = CreateViewController.swift; sourceTree = "<group>"; };
		FA3BCD1624435FAE00E3747D /* Base */ = {isa = PBXFileReference; lastKnownFileType = file.storyboard; name = Base; path = Base.lproj/Main.storyboard; sourceTree = "<group>"; };
		FA3BCD1B24435FB200E3747D /* Assets.xcassets */ = {isa = PBXFileReference; lastKnownFileType = folder.assetcatalog; path = Assets.xcassets; sourceTree = "<group>"; };
		FA3BCD1E24435FB200E3747D /* Base */ = {isa = PBXFileReference; lastKnownFileType = file.storyboard; name = Base; path = Base.lproj/LaunchScreen.storyboard; sourceTree = "<group>"; };
		FA3BCD2024435FB200E3747D /* Info.plist */ = {isa = PBXFileReference; lastKnownFileType = text.plist.xml; path = Info.plist; sourceTree = "<group>"; };
		FA3BCD2524435FB200E3747D /* CustomFlashCardTests.xctest */ = {isa = PBXFileReference; explicitFileType = wrapper.cfbundle; includeInIndex = 0; path = CustomFlashCardTests.xctest; sourceTree = BUILT_PRODUCTS_DIR; };
		FA3BCD2924435FB200E3747D /* CustomFlashCardTests.swift */ = {isa = PBXFileReference; lastKnownFileType = sourcecode.swift; path = CustomFlashCardTests.swift; sourceTree = "<group>"; };
		FA3BCD2B24435FB200E3747D /* Info.plist */ = {isa = PBXFileReference; lastKnownFileType = text.plist.xml; path = Info.plist; sourceTree = "<group>"; };
		FA3BCD3024435FB200E3747D /* CustomFlashCardUITests.xctest */ = {isa = PBXFileReference; explicitFileType = wrapper.cfbundle; includeInIndex = 0; path = CustomFlashCardUITests.xctest; sourceTree = BUILT_PRODUCTS_DIR; };
		FA3BCD3424435FB200E3747D /* CustomFlashCardUITests.swift */ = {isa = PBXFileReference; lastKnownFileType = sourcecode.swift; path = CustomFlashCardUITests.swift; sourceTree = "<group>"; };
		FA3BCD3624435FB200E3747D /* Info.plist */ = {isa = PBXFileReference; lastKnownFileType = text.plist.xml; path = Info.plist; sourceTree = "<group>"; };
		FA3BCD4224437F5300E3747D /* AddCard.storyboard */ = {isa = PBXFileReference; lastKnownFileType = file.storyboard; path = AddCard.storyboard; sourceTree = "<group>"; };
		FA4D40322463C9C4000FF130 /* CardView.storyboard */ = {isa = PBXFileReference; lastKnownFileType = file.storyboard; path = CardView.storyboard; sourceTree = "<group>"; };
		FA4D40342463DE64000FF130 /* CardViewController.swift */ = {isa = PBXFileReference; lastKnownFileType = sourcecode.swift; path = CardViewController.swift; sourceTree = "<group>"; };
		FA63597A246439480025CD2F /* WordCardCollectionViewCell.swift */ = {isa = PBXFileReference; lastKnownFileType = sourcecode.swift; path = WordCardCollectionViewCell.swift; sourceTree = "<group>"; };
		FA63597B246439480025CD2F /* WordCardCollectionViewCell.xib */ = {isa = PBXFileReference; lastKnownFileType = file.xib; path = WordCardCollectionViewCell.xib; sourceTree = "<group>"; };
		FA77F26F244F483400416200 /* AllCardsViewController.swift */ = {isa = PBXFileReference; lastKnownFileType = sourcecode.swift; path = AllCardsViewController.swift; sourceTree = "<group>"; };
		FA77F271244F4A9B00416200 /* AllCardsCell.swift */ = {isa = PBXFileReference; lastKnownFileType = sourcecode.swift; path = AllCardsCell.swift; sourceTree = "<group>"; };
		FA77F273244F4AE500416200 /* AllCardsCell.xib */ = {isa = PBXFileReference; lastKnownFileType = file.xib; path = AllCardsCell.xib; sourceTree = "<group>"; };
		FAC63259247123D500C58F9E /* CategoryCollectionViewCell.swift */ = {isa = PBXFileReference; lastKnownFileType = sourcecode.swift; path = CategoryCollectionViewCell.swift; sourceTree = "<group>"; };
		FAC6325A247123D500C58F9E /* CategoryCollectionViewCell.xib */ = {isa = PBXFileReference; lastKnownFileType = file.xib; path = CategoryCollectionViewCell.xib; sourceTree = "<group>"; };
		FAC6325D247124BF00C58F9E /* AllCategoryViewController.swift */ = {isa = PBXFileReference; lastKnownFileType = sourcecode.swift; path = AllCategoryViewController.swift; sourceTree = "<group>"; };
		FAC6325F2471393900C58F9E /* PracticeCard.storyboard */ = {isa = PBXFileReference; lastKnownFileType = file.storyboard; path = PracticeCard.storyboard; sourceTree = "<group>"; };
		FAC6326124713A7D00C58F9E /* PracticeCardViewController.swift */ = {isa = PBXFileReference; lastKnownFileType = sourcecode.swift; path = PracticeCardViewController.swift; sourceTree = "<group>"; };
		FAC63263247153BA00C58F9E /* CardDataModel.swift */ = {isa = PBXFileReference; lastKnownFileType = sourcecode.swift; path = CardDataModel.swift; sourceTree = "<group>"; };
		FAC63265247153F800C58F9E /* SwipeCardDataSource.swift */ = {isa = PBXFileReference; lastKnownFileType = sourcecode.swift; path = SwipeCardDataSource.swift; sourceTree = "<group>"; };
		FAC632672471548100C58F9E /* SwipeCardView.swift */ = {isa = PBXFileReference; lastKnownFileType = sourcecode.swift; path = SwipeCardView.swift; sourceTree = "<group>"; };
		FAC63269247154C500C58F9E /* StackContainerView.swift */ = {isa = PBXFileReference; lastKnownFileType = sourcecode.swift; path = StackContainerView.swift; sourceTree = "<group>"; };
		FACEE0B52445D541007E58B7 /* AddCategory.storyboard */ = {isa = PBXFileReference; lastKnownFileType = file.storyboard; path = AddCategory.storyboard; sourceTree = "<group>"; };
		FAD3606C244387E0008D16D9 /* CardFormViewController.swift */ = {isa = PBXFileReference; lastKnownFileType = sourcecode.swift; path = CardFormViewController.swift; sourceTree = "<group>"; };
		FADAECF72449A52900DE11E6 /* Card.swift */ = {isa = PBXFileReference; lastKnownFileType = sourcecode.swift; path = Card.swift; sourceTree = "<group>"; };
		FADAECF92449A85500DE11E6 /* Category.swift */ = {isa = PBXFileReference; lastKnownFileType = sourcecode.swift; path = Category.swift; sourceTree = "<group>"; };
		FADAECFB2449ACB800DE11E6 /* AddCategoryViewController.swift */ = {isa = PBXFileReference; lastKnownFileType = sourcecode.swift; path = AddCategoryViewController.swift; sourceTree = "<group>"; };
/* End PBXFileReference section */

/* Begin PBXFrameworksBuildPhase section */
		FA3BCD0724435FAE00E3747D /* Frameworks */ = {
			isa = PBXFrameworksBuildPhase;
			buildActionMask = 2147483647;
			files = (
				574BDCA46D876DC203F11934 /* Pods_CustomFlashCard.framework in Frameworks */,
			);
			runOnlyForDeploymentPostprocessing = 0;
		};
		FA3BCD2224435FB200E3747D /* Frameworks */ = {
			isa = PBXFrameworksBuildPhase;
			buildActionMask = 2147483647;
			files = (
				BB3F3A02AA7F1C6F208F4505 /* Pods_CustomFlashCardTests.framework in Frameworks */,
			);
			runOnlyForDeploymentPostprocessing = 0;
		};
		FA3BCD2D24435FB200E3747D /* Frameworks */ = {
			isa = PBXFrameworksBuildPhase;
			buildActionMask = 2147483647;
			files = (
				AE5DC792EE1825B73D8D6DF2 /* Pods_CustomFlashCard_CustomFlashCardUITests.framework in Frameworks */,
			);
			runOnlyForDeploymentPostprocessing = 0;
		};
/* End PBXFrameworksBuildPhase section */

/* Begin PBXGroup section */
		2CE6005720862D4F6C5E6FFD /* Pods */ = {
			isa = PBXGroup;
			children = (
				E94584344688E9BA55B5CA12 /* Pods-CustomFlashCard.debug.xcconfig */,
				71C48C49E1EF0D54AFFAD04E /* Pods-CustomFlashCard.release.xcconfig */,
				F30168B665829C4BD8D1A8AE /* Pods-CustomFlashCard-CustomFlashCardUITests.debug.xcconfig */,
				04C1D121CFA5174ED1DFA8CC /* Pods-CustomFlashCard-CustomFlashCardUITests.release.xcconfig */,
				8A078E3D41B1C2CC9A9B6528 /* Pods-CustomFlashCardTests.debug.xcconfig */,
				F180BD235E6826803380A562 /* Pods-CustomFlashCardTests.release.xcconfig */,
			);
			path = Pods;
			sourceTree = "<group>";
		};
		40B73DA995395CEA83E6689F /* Frameworks */ = {
			isa = PBXGroup;
			children = (
				BCB29F1F4D7399A761F7E3EC /* Pods_CustomFlashCard.framework */,
				A1E3BFA9825DD9C1868DDBD5 /* Pods_CustomFlashCard_CustomFlashCardUITests.framework */,
				13CD1978D8F667AF893AFF9D /* Pods_CustomFlashCardTests.framework */,
			);
			name = Frameworks;
			sourceTree = "<group>";
		};
		FA3BCD0124435FAE00E3747D = {
			isa = PBXGroup;
			children = (
				FA3BCD0C24435FAE00E3747D /* CustomFlashCard */,
				FA3BCD2824435FB200E3747D /* CustomFlashCardTests */,
				FA3BCD3324435FB200E3747D /* CustomFlashCardUITests */,
				FA3BCD0B24435FAE00E3747D /* Products */,
				2CE6005720862D4F6C5E6FFD /* Pods */,
				40B73DA995395CEA83E6689F /* Frameworks */,
			);
			sourceTree = "<group>";
		};
		FA3BCD0B24435FAE00E3747D /* Products */ = {
			isa = PBXGroup;
			children = (
				FA3BCD0A24435FAE00E3747D /* CustomFlashCard.app */,
				FA3BCD2524435FB200E3747D /* CustomFlashCardTests.xctest */,
				FA3BCD3024435FB200E3747D /* CustomFlashCardUITests.xctest */,
			);
			name = Products;
			sourceTree = "<group>";
		};
		FA3BCD0C24435FAE00E3747D /* CustomFlashCard */ = {
			isa = PBXGroup;
			children = (
				FA439A6B2444656E00ED858D /* Models */,
				FA439A69244451AE00ED858D /* Supporting Files */,
				FA439A682444517A00ED858D /* Storyboards */,
				FA439A672444516300ED858D /* Controllers */,
			);
			path = CustomFlashCard;
			sourceTree = "<group>";
		};
		FA3BCD2824435FB200E3747D /* CustomFlashCardTests */ = {
			isa = PBXGroup;
			children = (
				FA3BCD2924435FB200E3747D /* CustomFlashCardTests.swift */,
				FA3BCD2B24435FB200E3747D /* Info.plist */,
			);
			path = CustomFlashCardTests;
			sourceTree = "<group>";
		};
		FA3BCD3324435FB200E3747D /* CustomFlashCardUITests */ = {
			isa = PBXGroup;
			children = (
				FA3BCD3424435FB200E3747D /* CustomFlashCardUITests.swift */,
				FA3BCD3624435FB200E3747D /* Info.plist */,
			);
			path = CustomFlashCardUITests;
			sourceTree = "<group>";
		};
		FA439A672444516300ED858D /* Controllers */ = {
			isa = PBXGroup;
			children = (
				FA3BCD1124435FAE00E3747D /* CreateViewController.swift */,
				FAD3606C244387E0008D16D9 /* CardFormViewController.swift */,
				FADAECFB2449ACB800DE11E6 /* AddCategoryViewController.swift */,
				FA77F26F244F483400416200 /* AllCardsViewController.swift */,
				FA77F271244F4A9B00416200 /* AllCardsCell.swift */,
				FA4D40342463DE64000FF130 /* CardViewController.swift */,
				FA63597A246439480025CD2F /* WordCardCollectionViewCell.swift */,
				FAC63259247123D500C58F9E /* CategoryCollectionViewCell.swift */,
				FAC6325D247124BF00C58F9E /* AllCategoryViewController.swift */,
				FAC6326124713A7D00C58F9E /* PracticeCardViewController.swift */,
			);
			path = Controllers;
			sourceTree = "<group>";
		};
		FA439A682444517A00ED858D /* Storyboards */ = {
			isa = PBXGroup;
			children = (
				FA3BCD1524435FAE00E3747D /* Main.storyboard */,
				FA3BCD4224437F5300E3747D /* AddCard.storyboard */,
				FACEE0B52445D541007E58B7 /* AddCategory.storyboard */,
				FA77F273244F4AE500416200 /* AllCardsCell.xib */,
				FA4D40322463C9C4000FF130 /* CardView.storyboard */,
				FAC6325F2471393900C58F9E /* PracticeCard.storyboard */,
				FAC6325A247123D500C58F9E /* CategoryCollectionViewCell.xib */,
				FA63597B246439480025CD2F /* WordCardCollectionViewCell.xib */,
			);
			path = Storyboards;
			sourceTree = "<group>";
		};
		FA439A69244451AE00ED858D /* Supporting Files */ = {
			isa = PBXGroup;
			children = (
				FA3BCD0D24435FAE00E3747D /* AppDelegate.swift */,
				FA3BCD0F24435FAE00E3747D /* SceneDelegate.swift */,
				FA3BCD1B24435FB200E3747D /* Assets.xcassets */,
				FA2064D6247103390046D930 /* icons8-trash-can-20.png */,
				FA3BCD1D24435FB200E3747D /* LaunchScreen.storyboard */,
				FA3BCD2024435FB200E3747D /* Info.plist */,
			);
			path = "Supporting Files";
			sourceTree = "<group>";
		};
		FA439A6B2444656E00ED858D /* Models */ = {
			isa = PBXGroup;
			children = (
				FADAECF72449A52900DE11E6 /* Card.swift */,
				FADAECF92449A85500DE11E6 /* Category.swift */,
				FAC63263247153BA00C58F9E /* CardDataModel.swift */,
				FAC63265247153F800C58F9E /* SwipeCardDataSource.swift */,
				FAC632672471548100C58F9E /* SwipeCardView.swift */,
				FAC63269247154C500C58F9E /* StackContainerView.swift */,
			);
			path = Models;
			sourceTree = "<group>";
		};
/* End PBXGroup section */

/* Begin PBXNativeTarget section */
		FA3BCD0924435FAE00E3747D /* CustomFlashCard */ = {
			isa = PBXNativeTarget;
			buildConfigurationList = FA3BCD3924435FB200E3747D /* Build configuration list for PBXNativeTarget "CustomFlashCard" */;
			buildPhases = (
				739563028A0A4D47B12116CA /* [CP] Check Pods Manifest.lock */,
				FA3BCD0624435FAE00E3747D /* Sources */,
				FA3BCD0724435FAE00E3747D /* Frameworks */,
				FA3BCD0824435FAE00E3747D /* Resources */,
				27E2FDE7FF72863051EF2EC1 /* [CP] Embed Pods Frameworks */,
			);
			buildRules = (
			);
			dependencies = (
			);
			name = CustomFlashCard;
			productName = CustomFlashCard;
			productReference = FA3BCD0A24435FAE00E3747D /* CustomFlashCard.app */;
			productType = "com.apple.product-type.application";
		};
		FA3BCD2424435FB200E3747D /* CustomFlashCardTests */ = {
			isa = PBXNativeTarget;
			buildConfigurationList = FA3BCD3C24435FB200E3747D /* Build configuration list for PBXNativeTarget "CustomFlashCardTests" */;
			buildPhases = (
				8048B55B8FBE3E3CB59BDD11 /* [CP] Check Pods Manifest.lock */,
				FA3BCD2124435FB200E3747D /* Sources */,
				FA3BCD2224435FB200E3747D /* Frameworks */,
				FA3BCD2324435FB200E3747D /* Resources */,
			);
			buildRules = (
			);
			dependencies = (
				FA3BCD2724435FB200E3747D /* PBXTargetDependency */,
			);
			name = CustomFlashCardTests;
			productName = CustomFlashCardTests;
			productReference = FA3BCD2524435FB200E3747D /* CustomFlashCardTests.xctest */;
			productType = "com.apple.product-type.bundle.unit-test";
		};
		FA3BCD2F24435FB200E3747D /* CustomFlashCardUITests */ = {
			isa = PBXNativeTarget;
			buildConfigurationList = FA3BCD3F24435FB200E3747D /* Build configuration list for PBXNativeTarget "CustomFlashCardUITests" */;
			buildPhases = (
				261E20C3EB2F113214FEA3E2 /* [CP] Check Pods Manifest.lock */,
				FA3BCD2C24435FB200E3747D /* Sources */,
				FA3BCD2D24435FB200E3747D /* Frameworks */,
				FA3BCD2E24435FB200E3747D /* Resources */,
				657A0A51AF6BA09193678870 /* [CP] Embed Pods Frameworks */,
			);
			buildRules = (
			);
			dependencies = (
				FA3BCD3224435FB200E3747D /* PBXTargetDependency */,
			);
			name = CustomFlashCardUITests;
			productName = CustomFlashCardUITests;
			productReference = FA3BCD3024435FB200E3747D /* CustomFlashCardUITests.xctest */;
			productType = "com.apple.product-type.bundle.ui-testing";
		};
/* End PBXNativeTarget section */

/* Begin PBXProject section */
		FA3BCD0224435FAE00E3747D /* Project object */ = {
			isa = PBXProject;
			attributes = {
				LastSwiftUpdateCheck = 1100;
				LastUpgradeCheck = 1100;
				ORGANIZATIONNAME = MacBook;
				TargetAttributes = {
					FA3BCD0924435FAE00E3747D = {
						CreatedOnToolsVersion = 11.0;
					};
					FA3BCD2424435FB200E3747D = {
						CreatedOnToolsVersion = 11.0;
						TestTargetID = FA3BCD0924435FAE00E3747D;
					};
					FA3BCD2F24435FB200E3747D = {
						CreatedOnToolsVersion = 11.0;
						TestTargetID = FA3BCD0924435FAE00E3747D;
					};
				};
			};
			buildConfigurationList = FA3BCD0524435FAE00E3747D /* Build configuration list for PBXProject "CustomFlashCard" */;
			compatibilityVersion = "Xcode 9.3";
			developmentRegion = en;
			hasScannedForEncodings = 0;
			knownRegions = (
				en,
				Base,
			);
			mainGroup = FA3BCD0124435FAE00E3747D;
			productRefGroup = FA3BCD0B24435FAE00E3747D /* Products */;
			projectDirPath = "";
			projectRoot = "";
			targets = (
				FA3BCD0924435FAE00E3747D /* CustomFlashCard */,
				FA3BCD2424435FB200E3747D /* CustomFlashCardTests */,
				FA3BCD2F24435FB200E3747D /* CustomFlashCardUITests */,
			);
		};
/* End PBXProject section */

/* Begin PBXResourcesBuildPhase section */
		FA3BCD0824435FAE00E3747D /* Resources */ = {
			isa = PBXResourcesBuildPhase;
			buildActionMask = 2147483647;
			files = (
				FA3BCD4324437F5300E3747D /* AddCard.storyboard in Resources */,
				FACEE0B62445D541007E58B7 /* AddCategory.storyboard in Resources */,
				FA3BCD1F24435FB200E3747D /* LaunchScreen.storyboard in Resources */,
				FA2064D7247103390046D930 /* icons8-trash-can-20.png in Resources */,
				FA77F274244F4AE500416200 /* AllCardsCell.xib in Resources */,
				FA63597D246439480025CD2F /* WordCardCollectionViewCell.xib in Resources */,
				FAC632602471393900C58F9E /* PracticeCard.storyboard in Resources */,
				FAC6325C247123D500C58F9E /* CategoryCollectionViewCell.xib in Resources */,
				FA3BCD1C24435FB200E3747D /* Assets.xcassets in Resources */,
				FA4D40332463C9C4000FF130 /* CardView.storyboard in Resources */,
				FA3BCD1724435FAE00E3747D /* Main.storyboard in Resources */,
			);
			runOnlyForDeploymentPostprocessing = 0;
		};
		FA3BCD2324435FB200E3747D /* Resources */ = {
			isa = PBXResourcesBuildPhase;
			buildActionMask = 2147483647;
			files = (
			);
			runOnlyForDeploymentPostprocessing = 0;
		};
		FA3BCD2E24435FB200E3747D /* Resources */ = {
			isa = PBXResourcesBuildPhase;
			buildActionMask = 2147483647;
			files = (
			);
			runOnlyForDeploymentPostprocessing = 0;
		};
/* End PBXResourcesBuildPhase section */

/* Begin PBXShellScriptBuildPhase section */
		261E20C3EB2F113214FEA3E2 /* [CP] Check Pods Manifest.lock */ = {
			isa = PBXShellScriptBuildPhase;
			buildActionMask = 2147483647;
			files = (
			);
			inputFileListPaths = (
			);
			inputPaths = (
				"${PODS_PODFILE_DIR_PATH}/Podfile.lock",
				"${PODS_ROOT}/Manifest.lock",
			);
			name = "[CP] Check Pods Manifest.lock";
			outputFileListPaths = (
			);
			outputPaths = (
				"$(DERIVED_FILE_DIR)/Pods-CustomFlashCard-CustomFlashCardUITests-checkManifestLockResult.txt",
			);
			runOnlyForDeploymentPostprocessing = 0;
			shellPath = /bin/sh;
			shellScript = "diff \"${PODS_PODFILE_DIR_PATH}/Podfile.lock\" \"${PODS_ROOT}/Manifest.lock\" > /dev/null\nif [ $? != 0 ] ; then\n    # print error to STDERR\n    echo \"error: The sandbox is not in sync with the Podfile.lock. Run 'pod install' or update your CocoaPods installation.\" >&2\n    exit 1\nfi\n# This output is used by Xcode 'outputs' to avoid re-running this script phase.\necho \"SUCCESS\" > \"${SCRIPT_OUTPUT_FILE_0}\"\n";
			showEnvVarsInLog = 0;
		};
		27E2FDE7FF72863051EF2EC1 /* [CP] Embed Pods Frameworks */ = {
			isa = PBXShellScriptBuildPhase;
			buildActionMask = 2147483647;
			files = (
			);
			inputFileListPaths = (
				"${PODS_ROOT}/Target Support Files/Pods-CustomFlashCard/Pods-CustomFlashCard-frameworks-${CONFIGURATION}-input-files.xcfilelist",
			);
			name = "[CP] Embed Pods Frameworks";
			outputFileListPaths = (
				"${PODS_ROOT}/Target Support Files/Pods-CustomFlashCard/Pods-CustomFlashCard-frameworks-${CONFIGURATION}-output-files.xcfilelist",
			);
			runOnlyForDeploymentPostprocessing = 0;
			shellPath = /bin/sh;
			shellScript = "\"${PODS_ROOT}/Target Support Files/Pods-CustomFlashCard/Pods-CustomFlashCard-frameworks.sh\"\n";
			showEnvVarsInLog = 0;
		};
		657A0A51AF6BA09193678870 /* [CP] Embed Pods Frameworks */ = {
			isa = PBXShellScriptBuildPhase;
			buildActionMask = 2147483647;
			files = (
			);
			inputFileListPaths = (
				"${PODS_ROOT}/Target Support Files/Pods-CustomFlashCard-CustomFlashCardUITests/Pods-CustomFlashCard-CustomFlashCardUITests-frameworks-${CONFIGURATION}-input-files.xcfilelist",
			);
			name = "[CP] Embed Pods Frameworks";
			outputFileListPaths = (
				"${PODS_ROOT}/Target Support Files/Pods-CustomFlashCard-CustomFlashCardUITests/Pods-CustomFlashCard-CustomFlashCardUITests-frameworks-${CONFIGURATION}-output-files.xcfilelist",
			);
			runOnlyForDeploymentPostprocessing = 0;
			shellPath = /bin/sh;
			shellScript = "\"${PODS_ROOT}/Target Support Files/Pods-CustomFlashCard-CustomFlashCardUITests/Pods-CustomFlashCard-CustomFlashCardUITests-frameworks.sh\"\n";
			showEnvVarsInLog = 0;
		};
		739563028A0A4D47B12116CA /* [CP] Check Pods Manifest.lock */ = {
			isa = PBXShellScriptBuildPhase;
			buildActionMask = 2147483647;
			files = (
			);
			inputFileListPaths = (
			);
			inputPaths = (
				"${PODS_PODFILE_DIR_PATH}/Podfile.lock",
				"${PODS_ROOT}/Manifest.lock",
			);
			name = "[CP] Check Pods Manifest.lock";
			outputFileListPaths = (
			);
			outputPaths = (
				"$(DERIVED_FILE_DIR)/Pods-CustomFlashCard-checkManifestLockResult.txt",
			);
			runOnlyForDeploymentPostprocessing = 0;
			shellPath = /bin/sh;
			shellScript = "diff \"${PODS_PODFILE_DIR_PATH}/Podfile.lock\" \"${PODS_ROOT}/Manifest.lock\" > /dev/null\nif [ $? != 0 ] ; then\n    # print error to STDERR\n    echo \"error: The sandbox is not in sync with the Podfile.lock. Run 'pod install' or update your CocoaPods installation.\" >&2\n    exit 1\nfi\n# This output is used by Xcode 'outputs' to avoid re-running this script phase.\necho \"SUCCESS\" > \"${SCRIPT_OUTPUT_FILE_0}\"\n";
			showEnvVarsInLog = 0;
		};
		8048B55B8FBE3E3CB59BDD11 /* [CP] Check Pods Manifest.lock */ = {
			isa = PBXShellScriptBuildPhase;
			buildActionMask = 2147483647;
			files = (
			);
			inputFileListPaths = (
			);
			inputPaths = (
				"${PODS_PODFILE_DIR_PATH}/Podfile.lock",
				"${PODS_ROOT}/Manifest.lock",
			);
			name = "[CP] Check Pods Manifest.lock";
			outputFileListPaths = (
			);
			outputPaths = (
				"$(DERIVED_FILE_DIR)/Pods-CustomFlashCardTests-checkManifestLockResult.txt",
			);
			runOnlyForDeploymentPostprocessing = 0;
			shellPath = /bin/sh;
			shellScript = "diff \"${PODS_PODFILE_DIR_PATH}/Podfile.lock\" \"${PODS_ROOT}/Manifest.lock\" > /dev/null\nif [ $? != 0 ] ; then\n    # print error to STDERR\n    echo \"error: The sandbox is not in sync with the Podfile.lock. Run 'pod install' or update your CocoaPods installation.\" >&2\n    exit 1\nfi\n# This output is used by Xcode 'outputs' to avoid re-running this script phase.\necho \"SUCCESS\" > \"${SCRIPT_OUTPUT_FILE_0}\"\n";
			showEnvVarsInLog = 0;
		};
/* End PBXShellScriptBuildPhase section */

/* Begin PBXSourcesBuildPhase section */
		FA3BCD0624435FAE00E3747D /* Sources */ = {
			isa = PBXSourcesBuildPhase;
			buildActionMask = 2147483647;
			files = (
				FADAECFC2449ACB800DE11E6 /* AddCategoryViewController.swift in Sources */,
				FAC6326224713A7D00C58F9E /* PracticeCardViewController.swift in Sources */,
				FAC6326A247154C500C58F9E /* StackContainerView.swift in Sources */,
				FAC63264247153BA00C58F9E /* CardDataModel.swift in Sources */,
				FA3BCD1224435FAE00E3747D /* CreateViewController.swift in Sources */,
				FADAECFA2449A85500DE11E6 /* Category.swift in Sources */,
				FA3BCD0E24435FAE00E3747D /* AppDelegate.swift in Sources */,
				FA77F272244F4A9B00416200 /* AllCardsCell.swift in Sources */,
				FAC6325E247124BF00C58F9E /* AllCategoryViewController.swift in Sources */,
				FAC6325B247123D500C58F9E /* CategoryCollectionViewCell.swift in Sources */,
				FAC63266247153F800C58F9E /* SwipeCardDataSource.swift in Sources */,
				FAD3606D244387E0008D16D9 /* CardFormViewController.swift in Sources */,
				FA3BCD1024435FAE00E3747D /* SceneDelegate.swift in Sources */,
				FA63597C246439480025CD2F /* WordCardCollectionViewCell.swift in Sources */,
				FA4D40352463DE64000FF130 /* CardViewController.swift in Sources */,
				FA77F270244F483400416200 /* AllCardsViewController.swift in Sources */,
				FADAECF82449A52900DE11E6 /* Card.swift in Sources */,
				FAC632682471548100C58F9E /* SwipeCardView.swift in Sources */,
			);
			runOnlyForDeploymentPostprocessing = 0;
		};
		FA3BCD2124435FB200E3747D /* Sources */ = {
			isa = PBXSourcesBuildPhase;
			buildActionMask = 2147483647;
			files = (
				FA3BCD2A24435FB200E3747D /* CustomFlashCardTests.swift in Sources */,
			);
			runOnlyForDeploymentPostprocessing = 0;
		};
		FA3BCD2C24435FB200E3747D /* Sources */ = {
			isa = PBXSourcesBuildPhase;
			buildActionMask = 2147483647;
			files = (
				FA3BCD3524435FB200E3747D /* CustomFlashCardUITests.swift in Sources */,
			);
			runOnlyForDeploymentPostprocessing = 0;
		};
/* End PBXSourcesBuildPhase section */

/* Begin PBXTargetDependency section */
		FA3BCD2724435FB200E3747D /* PBXTargetDependency */ = {
			isa = PBXTargetDependency;
			target = FA3BCD0924435FAE00E3747D /* CustomFlashCard */;
			targetProxy = FA3BCD2624435FB200E3747D /* PBXContainerItemProxy */;
		};
		FA3BCD3224435FB200E3747D /* PBXTargetDependency */ = {
			isa = PBXTargetDependency;
			target = FA3BCD0924435FAE00E3747D /* CustomFlashCard */;
			targetProxy = FA3BCD3124435FB200E3747D /* PBXContainerItemProxy */;
		};
/* End PBXTargetDependency section */

/* Begin PBXVariantGroup section */
		FA3BCD1524435FAE00E3747D /* Main.storyboard */ = {
			isa = PBXVariantGroup;
			children = (
				FA3BCD1624435FAE00E3747D /* Base */,
			);
			name = Main.storyboard;
			sourceTree = "<group>";
		};
		FA3BCD1D24435FB200E3747D /* LaunchScreen.storyboard */ = {
			isa = PBXVariantGroup;
			children = (
				FA3BCD1E24435FB200E3747D /* Base */,
			);
			name = LaunchScreen.storyboard;
			sourceTree = "<group>";
		};
/* End PBXVariantGroup section */

/* Begin XCBuildConfiguration section */
		FA3BCD3724435FB200E3747D /* Debug */ = {
			isa = XCBuildConfiguration;
			buildSettings = {
				ALWAYS_SEARCH_USER_PATHS = NO;
				CLANG_ANALYZER_NONNULL = YES;
				CLANG_ANALYZER_NUMBER_OBJECT_CONVERSION = YES_AGGRESSIVE;
				CLANG_CXX_LANGUAGE_STANDARD = "gnu++14";
				CLANG_CXX_LIBRARY = "libc++";
				CLANG_ENABLE_MODULES = YES;
				CLANG_ENABLE_OBJC_ARC = YES;
				CLANG_ENABLE_OBJC_WEAK = YES;
				CLANG_WARN_BLOCK_CAPTURE_AUTORELEASING = YES;
				CLANG_WARN_BOOL_CONVERSION = YES;
				CLANG_WARN_COMMA = YES;
				CLANG_WARN_CONSTANT_CONVERSION = YES;
				CLANG_WARN_DEPRECATED_OBJC_IMPLEMENTATIONS = YES;
				CLANG_WARN_DIRECT_OBJC_ISA_USAGE = YES_ERROR;
				CLANG_WARN_DOCUMENTATION_COMMENTS = YES;
				CLANG_WARN_EMPTY_BODY = YES;
				CLANG_WARN_ENUM_CONVERSION = YES;
				CLANG_WARN_INFINITE_RECURSION = YES;
				CLANG_WARN_INT_CONVERSION = YES;
				CLANG_WARN_NON_LITERAL_NULL_CONVERSION = YES;
				CLANG_WARN_OBJC_IMPLICIT_RETAIN_SELF = YES;
				CLANG_WARN_OBJC_LITERAL_CONVERSION = YES;
				CLANG_WARN_OBJC_ROOT_CLASS = YES_ERROR;
				CLANG_WARN_RANGE_LOOP_ANALYSIS = YES;
				CLANG_WARN_STRICT_PROTOTYPES = YES;
				CLANG_WARN_SUSPICIOUS_MOVE = YES;
				CLANG_WARN_UNGUARDED_AVAILABILITY = YES_AGGRESSIVE;
				CLANG_WARN_UNREACHABLE_CODE = YES;
				CLANG_WARN__DUPLICATE_METHOD_MATCH = YES;
				COPY_PHASE_STRIP = NO;
				DEBUG_INFORMATION_FORMAT = dwarf;
				ENABLE_STRICT_OBJC_MSGSEND = YES;
				ENABLE_TESTABILITY = YES;
				GCC_C_LANGUAGE_STANDARD = gnu11;
				GCC_DYNAMIC_NO_PIC = NO;
				GCC_NO_COMMON_BLOCKS = YES;
				GCC_OPTIMIZATION_LEVEL = 0;
				GCC_PREPROCESSOR_DEFINITIONS = (
					"DEBUG=1",
					"$(inherited)",
				);
				GCC_WARN_64_TO_32_BIT_CONVERSION = YES;
				GCC_WARN_ABOUT_RETURN_TYPE = YES_ERROR;
				GCC_WARN_UNDECLARED_SELECTOR = YES;
				GCC_WARN_UNINITIALIZED_AUTOS = YES_AGGRESSIVE;
				GCC_WARN_UNUSED_FUNCTION = YES;
				GCC_WARN_UNUSED_VARIABLE = YES;
				IPHONEOS_DEPLOYMENT_TARGET = 13.0;
				MTL_ENABLE_DEBUG_INFO = INCLUDE_SOURCE;
				MTL_FAST_MATH = YES;
				ONLY_ACTIVE_ARCH = YES;
				SDKROOT = iphoneos;
				SWIFT_ACTIVE_COMPILATION_CONDITIONS = DEBUG;
				SWIFT_OPTIMIZATION_LEVEL = "-Onone";
			};
			name = Debug;
		};
		FA3BCD3824435FB200E3747D /* Release */ = {
			isa = XCBuildConfiguration;
			buildSettings = {
				ALWAYS_SEARCH_USER_PATHS = NO;
				CLANG_ANALYZER_NONNULL = YES;
				CLANG_ANALYZER_NUMBER_OBJECT_CONVERSION = YES_AGGRESSIVE;
				CLANG_CXX_LANGUAGE_STANDARD = "gnu++14";
				CLANG_CXX_LIBRARY = "libc++";
				CLANG_ENABLE_MODULES = YES;
				CLANG_ENABLE_OBJC_ARC = YES;
				CLANG_ENABLE_OBJC_WEAK = YES;
				CLANG_WARN_BLOCK_CAPTURE_AUTORELEASING = YES;
				CLANG_WARN_BOOL_CONVERSION = YES;
				CLANG_WARN_COMMA = YES;
				CLANG_WARN_CONSTANT_CONVERSION = YES;
				CLANG_WARN_DEPRECATED_OBJC_IMPLEMENTATIONS = YES;
				CLANG_WARN_DIRECT_OBJC_ISA_USAGE = YES_ERROR;
				CLANG_WARN_DOCUMENTATION_COMMENTS = YES;
				CLANG_WARN_EMPTY_BODY = YES;
				CLANG_WARN_ENUM_CONVERSION = YES;
				CLANG_WARN_INFINITE_RECURSION = YES;
				CLANG_WARN_INT_CONVERSION = YES;
				CLANG_WARN_NON_LITERAL_NULL_CONVERSION = YES;
				CLANG_WARN_OBJC_IMPLICIT_RETAIN_SELF = YES;
				CLANG_WARN_OBJC_LITERAL_CONVERSION = YES;
				CLANG_WARN_OBJC_ROOT_CLASS = YES_ERROR;
				CLANG_WARN_RANGE_LOOP_ANALYSIS = YES;
				CLANG_WARN_STRICT_PROTOTYPES = YES;
				CLANG_WARN_SUSPICIOUS_MOVE = YES;
				CLANG_WARN_UNGUARDED_AVAILABILITY = YES_AGGRESSIVE;
				CLANG_WARN_UNREACHABLE_CODE = YES;
				CLANG_WARN__DUPLICATE_METHOD_MATCH = YES;
				COPY_PHASE_STRIP = NO;
				DEBUG_INFORMATION_FORMAT = "dwarf-with-dsym";
				ENABLE_NS_ASSERTIONS = NO;
				ENABLE_STRICT_OBJC_MSGSEND = YES;
				GCC_C_LANGUAGE_STANDARD = gnu11;
				GCC_NO_COMMON_BLOCKS = YES;
				GCC_WARN_64_TO_32_BIT_CONVERSION = YES;
				GCC_WARN_ABOUT_RETURN_TYPE = YES_ERROR;
				GCC_WARN_UNDECLARED_SELECTOR = YES;
				GCC_WARN_UNINITIALIZED_AUTOS = YES_AGGRESSIVE;
				GCC_WARN_UNUSED_FUNCTION = YES;
				GCC_WARN_UNUSED_VARIABLE = YES;
				IPHONEOS_DEPLOYMENT_TARGET = 13.0;
				MTL_ENABLE_DEBUG_INFO = NO;
				MTL_FAST_MATH = YES;
				SDKROOT = iphoneos;
				SWIFT_COMPILATION_MODE = wholemodule;
				SWIFT_OPTIMIZATION_LEVEL = "-O";
				VALIDATE_PRODUCT = YES;
			};
			name = Release;
		};
		FA3BCD3A24435FB200E3747D /* Debug */ = {
			isa = XCBuildConfiguration;
			baseConfigurationReference = E94584344688E9BA55B5CA12 /* Pods-CustomFlashCard.debug.xcconfig */;
			buildSettings = {
				ASSETCATALOG_COMPILER_APPICON_NAME = AppIcon;
				CODE_SIGN_STYLE = Automatic;
				INFOPLIST_FILE = "$(SRCROOT)/CustomFlashCard/Supporting Files/Info.plist";
				LD_RUNPATH_SEARCH_PATHS = (
					"$(inherited)",
					"@executable_path/Frameworks",
				);
				PRODUCT_BUNDLE_IDENTIFIER = com.talentnest.CustomFlashCard;
				PRODUCT_NAME = "$(TARGET_NAME)";
				SWIFT_VERSION = 5.0;
				TARGETED_DEVICE_FAMILY = "1,2";
			};
			name = Debug;
		};
		FA3BCD3B24435FB200E3747D /* Release */ = {
			isa = XCBuildConfiguration;
			baseConfigurationReference = 71C48C49E1EF0D54AFFAD04E /* Pods-CustomFlashCard.release.xcconfig */;
			buildSettings = {
				ASSETCATALOG_COMPILER_APPICON_NAME = AppIcon;
				CODE_SIGN_STYLE = Automatic;
				INFOPLIST_FILE = "$(SRCROOT)/CustomFlashCard/Supporting Files/Info.plist";
				LD_RUNPATH_SEARCH_PATHS = (
					"$(inherited)",
					"@executable_path/Frameworks",
				);
				PRODUCT_BUNDLE_IDENTIFIER = com.talentnest.CustomFlashCard;
				PRODUCT_NAME = "$(TARGET_NAME)";
				SWIFT_VERSION = 5.0;
				TARGETED_DEVICE_FAMILY = "1,2";
			};
			name = Release;
		};
		FA3BCD3D24435FB200E3747D /* Debug */ = {
			isa = XCBuildConfiguration;
			baseConfigurationReference = 8A078E3D41B1C2CC9A9B6528 /* Pods-CustomFlashCardTests.debug.xcconfig */;
			buildSettings = {
				ALWAYS_EMBED_SWIFT_STANDARD_LIBRARIES = YES;
				BUNDLE_LOADER = "$(TEST_HOST)";
				CODE_SIGN_STYLE = Automatic;
				INFOPLIST_FILE = CustomFlashCardTests/Info.plist;
				IPHONEOS_DEPLOYMENT_TARGET = 13.0;
				LD_RUNPATH_SEARCH_PATHS = (
					"$(inherited)",
					"@executable_path/Frameworks",
					"@loader_path/Frameworks",
				);
				PRODUCT_BUNDLE_IDENTIFIER = com.talentnest.CustomFlashCardTests;
				PRODUCT_NAME = "$(TARGET_NAME)";
				SWIFT_VERSION = 5.0;
				TARGETED_DEVICE_FAMILY = "1,2";
				TEST_HOST = "$(BUILT_PRODUCTS_DIR)/CustomFlashCard.app/CustomFlashCard";
			};
			name = Debug;
		};
		FA3BCD3E24435FB200E3747D /* Release */ = {
			isa = XCBuildConfiguration;
			baseConfigurationReference = F180BD235E6826803380A562 /* Pods-CustomFlashCardTests.release.xcconfig */;
			buildSettings = {
				ALWAYS_EMBED_SWIFT_STANDARD_LIBRARIES = YES;
				BUNDLE_LOADER = "$(TEST_HOST)";
				CODE_SIGN_STYLE = Automatic;
				INFOPLIST_FILE = CustomFlashCardTests/Info.plist;
				IPHONEOS_DEPLOYMENT_TARGET = 13.0;
				LD_RUNPATH_SEARCH_PATHS = (
					"$(inherited)",
					"@executable_path/Frameworks",
					"@loader_path/Frameworks",
				);
				PRODUCT_BUNDLE_IDENTIFIER = com.talentnest.CustomFlashCardTests;
				PRODUCT_NAME = "$(TARGET_NAME)";
				SWIFT_VERSION = 5.0;
				TARGETED_DEVICE_FAMILY = "1,2";
				TEST_HOST = "$(BUILT_PRODUCTS_DIR)/CustomFlashCard.app/CustomFlashCard";
			};
			name = Release;
		};
		FA3BCD4024435FB200E3747D /* Debug */ = {
			isa = XCBuildConfiguration;
			baseConfigurationReference = F30168B665829C4BD8D1A8AE /* Pods-CustomFlashCard-CustomFlashCardUITests.debug.xcconfig */;
			buildSettings = {
				ALWAYS_EMBED_SWIFT_STANDARD_LIBRARIES = YES;
				CODE_SIGN_STYLE = Automatic;
				INFOPLIST_FILE = CustomFlashCardUITests/Info.plist;
				LD_RUNPATH_SEARCH_PATHS = (
					"$(inherited)",
					"@executable_path/Frameworks",
					"@loader_path/Frameworks",
				);
				PRODUCT_BUNDLE_IDENTIFIER = com.talentnest.CustomFlashCardUITests;
				PRODUCT_NAME = "$(TARGET_NAME)";
				SWIFT_VERSION = 5.0;
				TARGETED_DEVICE_FAMILY = "1,2";
				TEST_TARGET_NAME = CustomFlashCard;
			};
			name = Debug;
		};
		FA3BCD4124435FB200E3747D /* Release */ = {
			isa = XCBuildConfiguration;
			baseConfigurationReference = 04C1D121CFA5174ED1DFA8CC /* Pods-CustomFlashCard-CustomFlashCardUITests.release.xcconfig */;
			buildSettings = {
				ALWAYS_EMBED_SWIFT_STANDARD_LIBRARIES = YES;
				CODE_SIGN_STYLE = Automatic;
				INFOPLIST_FILE = CustomFlashCardUITests/Info.plist;
				LD_RUNPATH_SEARCH_PATHS = (
					"$(inherited)",
					"@executable_path/Frameworks",
					"@loader_path/Frameworks",
				);
				PRODUCT_BUNDLE_IDENTIFIER = com.talentnest.CustomFlashCardUITests;
				PRODUCT_NAME = "$(TARGET_NAME)";
				SWIFT_VERSION = 5.0;
				TARGETED_DEVICE_FAMILY = "1,2";
				TEST_TARGET_NAME = CustomFlashCard;
			};
			name = Release;
		};
/* End XCBuildConfiguration section */

/* Begin XCConfigurationList section */
		FA3BCD0524435FAE00E3747D /* Build configuration list for PBXProject "CustomFlashCard" */ = {
			isa = XCConfigurationList;
			buildConfigurations = (
				FA3BCD3724435FB200E3747D /* Debug */,
				FA3BCD3824435FB200E3747D /* Release */,
			);
			defaultConfigurationIsVisible = 0;
			defaultConfigurationName = Release;
		};
		FA3BCD3924435FB200E3747D /* Build configuration list for PBXNativeTarget "CustomFlashCard" */ = {
			isa = XCConfigurationList;
			buildConfigurations = (
				FA3BCD3A24435FB200E3747D /* Debug */,
				FA3BCD3B24435FB200E3747D /* Release */,
			);
			defaultConfigurationIsVisible = 0;
			defaultConfigurationName = Release;
		};
		FA3BCD3C24435FB200E3747D /* Build configuration list for PBXNativeTarget "CustomFlashCardTests" */ = {
			isa = XCConfigurationList;
			buildConfigurations = (
				FA3BCD3D24435FB200E3747D /* Debug */,
				FA3BCD3E24435FB200E3747D /* Release */,
			);
			defaultConfigurationIsVisible = 0;
			defaultConfigurationName = Release;
		};
		FA3BCD3F24435FB200E3747D /* Build configuration list for PBXNativeTarget "CustomFlashCardUITests" */ = {
			isa = XCConfigurationList;
			buildConfigurations = (
				FA3BCD4024435FB200E3747D /* Debug */,
				FA3BCD4124435FB200E3747D /* Release */,
			);
			defaultConfigurationIsVisible = 0;
			defaultConfigurationName = Release;
		};
/* End XCConfigurationList section */
	};
	rootObject = FA3BCD0224435FAE00E3747D /* Project object */;
}
